// !$*UTF8*$!
{
	archiveVersion = 1;
	classes = {
	};
	objectVersion = 56;
	objects = {

/* Begin PBXBuildFile section */
		CEA06BB42BB27F9A0036A95C /* AppDelegate.swift in Sources */ = {isa = PBXBuildFile; fileRef = CEA06BB32BB27F9A0036A95C /* AppDelegate.swift */; };
		CEA06BB62BB27F9A0036A95C /* SceneDelegate.swift in Sources */ = {isa = PBXBuildFile; fileRef = CEA06BB52BB27F9A0036A95C /* SceneDelegate.swift */; };
		CEA06BB82BB27F9A0036A95C /* ViewController.swift in Sources */ = {isa = PBXBuildFile; fileRef = CEA06BB72BB27F9A0036A95C /* ViewController.swift */; };
		CEA06BBB2BB27F9A0036A95C /* Main.storyboard in Resources */ = {isa = PBXBuildFile; fileRef = CEA06BB92BB27F9A0036A95C /* Main.storyboard */; };
		CEA06BBD2BB27F9E0036A95C /* Assets.xcassets in Resources */ = {isa = PBXBuildFile; fileRef = CEA06BBC2BB27F9E0036A95C /* Assets.xcassets */; };
		CEA06BC02BB27F9E0036A95C /* LaunchScreen.storyboard in Resources */ = {isa = PBXBuildFile; fileRef = CEA06BBE2BB27F9E0036A95C /* LaunchScreen.storyboard */; };
		CEA06BC82BB27FF80036A95C /* TodoVO.swift in Sources */ = {isa = PBXBuildFile; fileRef = CEA06BC72BB27FF80036A95C /* TodoVO.swift */; };
		CEA06BD12BB2863E0036A95C /* todoTableViewCell.swift in Sources */ = {isa = PBXBuildFile; fileRef = CEA06BCF2BB2863E0036A95C /* todoTableViewCell.swift */; };
		CEA06BD22BB2863E0036A95C /* todoTableViewCell.xib in Resources */ = {isa = PBXBuildFile; fileRef = CEA06BD02BB2863E0036A95C /* todoTableViewCell.xib */; };
/* End PBXBuildFile section */

/* Begin PBXFileReference section */
		CEA06BB02BB27F9A0036A95C /* Please last 3rd-Homework.app */ = {isa = PBXFileReference; explicitFileType = wrapper.application; includeInIndex = 0; path = "Please last 3rd-Homework.app"; sourceTree = BUILT_PRODUCTS_DIR; };
		CEA06BB32BB27F9A0036A95C /* AppDelegate.swift */ = {isa = PBXFileReference; lastKnownFileType = sourcecode.swift; path = AppDelegate.swift; sourceTree = "<group>"; };
		CEA06BB52BB27F9A0036A95C /* SceneDelegate.swift */ = {isa = PBXFileReference; lastKnownFileType = sourcecode.swift; path = SceneDelegate.swift; sourceTree = "<group>"; };
		CEA06BB72BB27F9A0036A95C /* ViewController.swift */ = {isa = PBXFileReference; lastKnownFileType = sourcecode.swift; path = ViewController.swift; sourceTree = "<group>"; };
		CEA06BBA2BB27F9A0036A95C /* Base */ = {isa = PBXFileReference; lastKnownFileType = file.storyboard; name = Base; path = Base.lproj/Main.storyboard; sourceTree = "<group>"; };
		CEA06BBC2BB27F9E0036A95C /* Assets.xcassets */ = {isa = PBXFileReference; lastKnownFileType = folder.assetcatalog; path = Assets.xcassets; sourceTree = "<group>"; };
		CEA06BBF2BB27F9E0036A95C /* Base */ = {isa = PBXFileReference; lastKnownFileType = file.storyboard; name = Base; path = Base.lproj/LaunchScreen.storyboard; sourceTree = "<group>"; };
		CEA06BC12BB27F9E0036A95C /* Info.plist */ = {isa = PBXFileReference; lastKnownFileType = text.plist.xml; path = Info.plist; sourceTree = "<group>"; };
		CEA06BC72BB27FF80036A95C /* TodoVO.swift */ = {isa = PBXFileReference; lastKnownFileType = sourcecode.swift; path = TodoVO.swift; sourceTree = "<group>"; };
		CEA06BCF2BB2863E0036A95C /* todoTableViewCell.swift */ = {isa = PBXFileReference; lastKnownFileType = sourcecode.swift; path = todoTableViewCell.swift; sourceTree = "<group>"; };
		CEA06BD02BB2863E0036A95C /* todoTableViewCell.xib */ = {isa = PBXFileReference; lastKnownFileType = file.xib; path = todoTableViewCell.xib; sourceTree = "<group>"; };
/* End PBXFileReference section */

/* Begin PBXFrameworksBuildPhase section */
		CEA06BAD2BB27F9A0036A95C /* Frameworks */ = {
			isa = PBXFrameworksBuildPhase;
			buildActionMask = 2147483647;
			files = (
			);
			runOnlyForDeploymentPostprocessing = 0;
		};
/* End PBXFrameworksBuildPhase section */

/* Begin PBXGroup section */
		CEA06BA72BB27F9A0036A95C = {
			isa = PBXGroup;
			children = (
				CEA06BB22BB27F9A0036A95C /* Please last 3rd-Homework */,
				CEA06BB12BB27F9A0036A95C /* Products */,
			);
			sourceTree = "<group>";
		};
		CEA06BB12BB27F9A0036A95C /* Products */ = {
			isa = PBXGroup;
			children = (
				CEA06BB02BB27F9A0036A95C /* Please last 3rd-Homework.app */,
			);
			name = Products;
			sourceTree = "<group>";
		};
		CEA06BB22BB27F9A0036A95C /* Please last 3rd-Homework */ = {
			isa = PBXGroup;
			children = (
				CEA06BB32BB27F9A0036A95C /* AppDelegate.swift */,
				CEA06BB52BB27F9A0036A95C /* SceneDelegate.swift */,
				CEA06BC72BB27FF80036A95C /* TodoVO.swift */,
				CEA06BB72BB27F9A0036A95C /* ViewController.swift */,
				CEA06BCF2BB2863E0036A95C /* todoTableViewCell.swift */,
				CEA06BB92BB27F9A0036A95C /* Main.storyboard */,
				CEA06BD02BB2863E0036A95C /* todoTableViewCell.xib */,
				CEA06BBE2BB27F9E0036A95C /* LaunchScreen.storyboard */,
				CEA06BBC2BB27F9E0036A95C /* Assets.xcassets */,
				CEA06BC12BB27F9E0036A95C /* Info.plist */,
			);
			path = "Please last 3rd-Homework";
			sourceTree = "<group>";
		};
/* End PBXGroup section */

/* Begin PBXNativeTarget section */
		CEA06BAF2BB27F9A0036A95C /* Please last 3rd-Homework */ = {
			isa = PBXNativeTarget;
			buildConfigurationList = CEA06BC42BB27F9E0036A95C /* Build configuration list for PBXNativeTarget "Please last 3rd-Homework" */;
			buildPhases = (
				CEA06BAC2BB27F9A0036A95C /* Sources */,
				CEA06BAD2BB27F9A0036A95C /* Frameworks */,
				CEA06BAE2BB27F9A0036A95C /* Resources */,
			);
			buildRules = (
			);
			dependencies = (
			);
			name = "Please last 3rd-Homework";
			productName = "Please last 3rd-Homework";
			productReference = CEA06BB02BB27F9A0036A95C /* Please last 3rd-Homework.app */;
			productType = "com.apple.product-type.application";
		};
/* End PBXNativeTarget section */

/* Begin PBXProject section */
		CEA06BA82BB27F9A0036A95C /* Project object */ = {
			isa = PBXProject;
			attributes = {
				BuildIndependentTargetsInParallel = 1;
				LastSwiftUpdateCheck = 1520;
				LastUpgradeCheck = 1520;
				TargetAttributes = {
					CEA06BAF2BB27F9A0036A95C = {
						CreatedOnToolsVersion = 15.2;
					};
				};
			};
			buildConfigurationList = CEA06BAB2BB27F9A0036A95C /* Build configuration list for PBXProject "Please last 3rd-Homework" */;
			compatibilityVersion = "Xcode 14.0";
			developmentRegion = en;
			hasScannedForEncodings = 0;
			knownRegions = (
				en,
				Base,
			);
			mainGroup = CEA06BA72BB27F9A0036A95C;
			productRefGroup = CEA06BB12BB27F9A0036A95C /* Products */;
			projectDirPath = "";
			projectRoot = "";
			targets = (
				CEA06BAF2BB27F9A0036A95C /* Please last 3rd-Homework */,
			);
		};
/* End PBXProject section */

/* Begin PBXResourcesBuildPhase section */
		CEA06BAE2BB27F9A0036A95C /* Resources */ = {
			isa = PBXResourcesBuildPhase;
			buildActionMask = 2147483647;
			files = (
				CEA06BC02BB27F9E0036A95C /* LaunchScreen.storyboard in Resources */,
				CEA06BBD2BB27F9E0036A95C /* Assets.xcassets in Resources */,
				CEA06BBB2BB27F9A0036A95C /* Main.storyboard in Resources */,
				CEA06BD22BB2863E0036A95C /* todoTableViewCell.xib in Resources */,
			);
			runOnlyForDeploymentPostprocessing = 0;
		};
/* End PBXResourcesBuildPhase section */

/* Begin PBXSourcesBuildPhase section */
		CEA06BAC2BB27F9A0036A95C /* Sources */ = {
			isa = PBXSourcesBuildPhase;
			buildActionMask = 2147483647;
			files = (
				CEA06BB82BB27F9A0036A95C /* ViewController.swift in Sources */,
				CEA06BD12BB2863E0036A95C /* todoTableViewCell.swift in Sources */,
				CEA06BB42BB27F9A0036A95C /* AppDelegate.swift in Sources */,
				CEA06BC82BB27FF80036A95C /* TodoVO.swift in Sources */,
				CEA06BB62BB27F9A0036A95C /* SceneDelegate.swift in Sources */,
			);
			runOnlyForDeploymentPostprocessing = 0;
		};
/* End PBXSourcesBuildPhase section */

/* Begin PBXVariantGroup section */
		CEA06BB92BB27F9A0036A95C /* Main.storyboard */ = {
			isa = PBXVariantGroup;
			children = (
				CEA06BBA2BB27F9A0036A95C /* Base */,
			);
			name = Main.storyboard;
			sourceTree = "<group>";
		};
		CEA06BBE2BB27F9E0036A95C /* LaunchScreen.storyboard */ = {
			isa = PBXVariantGroup;
			children = (
				CEA06BBF2BB27F9E0036A95C /* Base */,
			);
			name = LaunchScreen.storyboard;
			sourceTree = "<group>";
		};
/* End PBXVariantGroup section */

/* Begin XCBuildConfiguration section */
		CEA06BC22BB27F9E0036A95C /* Debug */ = {
			isa = XCBuildConfiguration;
			buildSettings = {
				ALWAYS_SEARCH_USER_PATHS = NO;
				ASSETCATALOG_COMPILER_GENERATE_SWIFT_ASSET_SYMBOL_EXTENSIONS = YES;
				CLANG_ANALYZER_NONNULL = YES;
				CLANG_ANALYZER_NUMBER_OBJECT_CONVERSION = YES_AGGRESSIVE;
				CLANG_CXX_LANGUAGE_STANDARD = "gnu++20";
				CLANG_ENABLE_MODULES = YES;
				CLANG_ENABLE_OBJC_ARC = YES;
				CLANG_ENABLE_OBJC_WEAK = YES;
				CLANG_WARN_BLOCK_CAPTURE_AUTORELEASING = YES;
				CLANG_WARN_BOOL_CONVERSION = YES;
				CLANG_WARN_COMMA = YES;
				CLANG_WARN_CONSTANT_CONVERSION = YES;
				CLANG_WARN_DEPRECATED_OBJC_IMPLEMENTATIONS = YES;
				CLANG_WARN_DIRECT_OBJC_ISA_USAGE = YES_ERROR;
				CLANG_WARN_DOCUMENTATION_COMMENTS = YES;
				CLANG_WARN_EMPTY_BODY = YES;
				CLANG_WARN_ENUM_CONVERSION = YES;
				CLANG_WARN_INFINITE_RECURSION = YES;
				CLANG_WARN_INT_CONVERSION = YES;
				CLANG_WARN_NON_LITERAL_NULL_CONVERSION = YES;
				CLANG_WARN_OBJC_IMPLICIT_RETAIN_SELF = YES;
				CLANG_WARN_OBJC_LITERAL_CONVERSION = YES;
				CLANG_WARN_OBJC_ROOT_CLASS = YES_ERROR;
				CLANG_WARN_QUOTED_INCLUDE_IN_FRAMEWORK_HEADER = YES;
				CLANG_WARN_RANGE_LOOP_ANALYSIS = YES;
				CLANG_WARN_STRICT_PROTOTYPES = YES;
				CLANG_WARN_SUSPICIOUS_MOVE = YES;
				CLANG_WARN_UNGUARDED_AVAILABILITY = YES_AGGRESSIVE;
				CLANG_WARN_UNREACHABLE_CODE = YES;
				CLANG_WARN__DUPLICATE_METHOD_MATCH = YES;
				COPY_PHASE_STRIP = NO;
				DEBUG_INFORMATION_FORMAT = dwarf;
				ENABLE_STRICT_OBJC_MSGSEND = YES;
				ENABLE_TESTABILITY = YES;
				ENABLE_USER_SCRIPT_SANDBOXING = YES;
				GCC_C_LANGUAGE_STANDARD = gnu17;
				GCC_DYNAMIC_NO_PIC = NO;
				GCC_NO_COMMON_BLOCKS = YES;
				GCC_OPTIMIZATION_LEVEL = 0;
				GCC_PREPROCESSOR_DEFINITIONS = (
					"DEBUG=1",
					"$(inherited)",
				);
				GCC_WARN_64_TO_32_BIT_CONVERSION = YES;
				GCC_WARN_ABOUT_RETURN_TYPE = YES_ERROR;
				GCC_WARN_UNDECLARED_SELECTOR = YES;
				GCC_WARN_UNINITIALIZED_AUTOS = YES_AGGRESSIVE;
				GCC_WARN_UNUSED_FUNCTION = YES;
				GCC_WARN_UNUSED_VARIABLE = YES;
				IPHONEOS_DEPLOYMENT_TARGET = 17.2;
				LOCALIZATION_PREFERS_STRING_CATALOGS = YES;
				MTL_ENABLE_DEBUG_INFO = INCLUDE_SOURCE;
				MTL_FAST_MATH = YES;
				ONLY_ACTIVE_ARCH = YES;
				SDKROOT = iphoneos;
				SWIFT_ACTIVE_COMPILATION_CONDITIONS = "DEBUG $(inherited)";
				SWIFT_OPTIMIZATION_LEVEL = "-Onone";
			};
			name = Debug;
		};
		CEA06BC32BB27F9E0036A95C /* Release */ = {
			isa = XCBuildConfiguration;
			buildSettings = {
				ALWAYS_SEARCH_USER_PATHS = NO;
				ASSETCATALOG_COMPILER_GENERATE_SWIFT_ASSET_SYMBOL_EXTENSIONS = YES;
				CLANG_ANALYZER_NONNULL = YES;
				CLANG_ANALYZER_NUMBER_OBJECT_CONVERSION = YES_AGGRESSIVE;
				CLANG_CXX_LANGUAGE_STANDARD = "gnu++20";
				CLANG_ENABLE_MODULES = YES;
				CLANG_ENABLE_OBJC_ARC = YES;
				CLANG_ENABLE_OBJC_WEAK = YES;
				CLANG_WARN_BLOCK_CAPTURE_AUTORELEASING = YES;
				CLANG_WARN_BOOL_CONVERSION = YES;
				CLANG_WARN_COMMA = YES;
				CLANG_WARN_CONSTANT_CONVERSION = YES;
				CLANG_WARN_DEPRECATED_OBJC_IMPLEMENTATIONS = YES;
				CLANG_WARN_DIRECT_OBJC_ISA_USAGE = YES_ERROR;
				CLANG_WARN_DOCUMENTATION_COMMENTS = YES;
				CLANG_WARN_EMPTY_BODY = YES;
				CLANG_WARN_ENUM_CONVERSION = YES;
				CLANG_WARN_INFINITE_RECURSION = YES;
				CLANG_WARN_INT_CONVERSION = YES;
				CLANG_WARN_NON_LITERAL_NULL_CONVERSION = YES;
				CLANG_WARN_OBJC_IMPLICIT_RETAIN_SELF = YES;
				CLANG_WARN_OBJC_LITERAL_CONVERSION = YES;
				CLANG_WARN_OBJC_ROOT_CLASS = YES_ERROR;
				CLANG_WARN_QUOTED_INCLUDE_IN_FRAMEWORK_HEADER = YES;
				CLANG_WARN_RANGE_LOOP_ANALYSIS = YES;
				CLANG_WARN_STRICT_PROTOTYPES = YES;
				CLANG_WARN_SUSPICIOUS_MOVE = YES;
				CLANG_WARN_UNGUARDED_AVAILABILITY = YES_AGGRESSIVE;
				CLANG_WARN_UNREACHABLE_CODE = YES;
				CLANG_WARN__DUPLICATE_METHOD_MATCH = YES;
				COPY_PHASE_STRIP = NO;
				DEBUG_INFORMATION_FORMAT = "dwarf-with-dsym";
				ENABLE_NS_ASSERTIONS = NO;
				ENABLE_STRICT_OBJC_MSGSEND = YES;
				ENABLE_USER_SCRIPT_SANDBOXING = YES;
				GCC_C_LANGUAGE_STANDARD = gnu17;
				GCC_NO_COMMON_BLOCKS = YES;
				GCC_WARN_64_TO_32_BIT_CONVERSION = YES;
				GCC_WARN_ABOUT_RETURN_TYPE = YES_ERROR;
				GCC_WARN_UNDECLARED_SELECTOR = YES;
				GCC_WARN_UNINITIALIZED_AUTOS = YES_AGGRESSIVE;
				GCC_WARN_UNUSED_FUNCTION = YES;
				GCC_WARN_UNUSED_VARIABLE = YES;
				IPHONEOS_DEPLOYMENT_TARGET = 17.2;
				LOCALIZATION_PREFERS_STRING_CATALOGS = YES;
				MTL_ENABLE_DEBUG_INFO = NO;
				MTL_FAST_MATH = YES;
				SDKROOT = iphoneos;
				SWIFT_COMPILATION_MODE = wholemodule;
				VALIDATE_PRODUCT = YES;
			};
			name = Release;
		};
		CEA06BC52BB27F9E0036A95C /* Debug */ = {
			isa = XCBuildConfiguration;
			buildSettings = {
				ASSETCATALOG_COMPILER_APPICON_NAME = AppIcon;
				ASSETCATALOG_COMPILER_GLOBAL_ACCENT_COLOR_NAME = AccentColor;
				CODE_SIGN_STYLE = Automatic;
				CURRENT_PROJECT_VERSION = 1;
				GENERATE_INFOPLIST_FILE = YES;
				INFOPLIST_FILE = "Please last 3rd-Homework/Info.plist";
				INFOPLIST_KEY_UIApplicationSupportsIndirectInputEvents = YES;
				INFOPLIST_KEY_UILaunchStoryboardName = LaunchScreen;
				INFOPLIST_KEY_UIMainStoryboardFile = Main;
				INFOPLIST_KEY_UISupportedInterfaceOrientations_iPad = "UIInterfaceOrientationPortrait UIInterfaceOrientationPortraitUpsideDown UIInterfaceOrientationLandscapeLeft UIInterfaceOrientationLandscapeRight";
				INFOPLIST_KEY_UISupportedInterfaceOrientations_iPhone = "UIInterfaceOrientationPortrait UIInterfaceOrientationLandscapeLeft UIInterfaceOrientationLandscapeRight";
				LD_RUNPATH_SEARCH_PATHS = (
					"$(inherited)",
					"@executable_path/Frameworks",
				);
				MARKETING_VERSION = 1.0;
				PRODUCT_BUNDLE_IDENTIFIER = "practice.Please-last-3rd-Homework";
				PRODUCT_NAME = "$(TARGET_NAME)";
				SWIFT_EMIT_LOC_STRINGS = YES;
				SWIFT_VERSION = 5.0;
				TARGETED_DEVICE_FAMILY = "1,2";
			};
			name = Debug;
		};
		CEA06BC62BB27F9E0036A95C /* Release */ = {
			isa = XCBuildConfiguration;
			buildSettings = {
				ASSETCATALOG_COMPILER_APPICON_NAME = AppIcon;
				ASSETCATALOG_COMPILER_GLOBAL_ACCENT_COLOR_NAME = AccentColor;
				CODE_SIGN_STYLE = Automatic;
				CURRENT_PROJECT_VERSION = 1;
				GENERATE_INFOPLIST_FILE = YES;
				INFOPLIST_FILE = "Please last 3rd-Homework/Info.plist";
				INFOPLIST_KEY_UIApplicationSupportsIndirectInputEvents = YES;
				INFOPLIST_KEY_UILaunchStoryboardName = LaunchScreen;
				INFOPLIST_KEY_UIMainStoryboardFile = Main;
				INFOPLIST_KEY_UISupportedInterfaceOrientations_iPad = "UIInterfaceOrientationPortrait UIInterfaceOrientationPortraitUpsideDown UIInterfaceOrientationLandscapeLeft UIInterfaceOrientationLandscapeRight";
				INFOPLIST_KEY_UISupportedInterfaceOrientations_iPhone = "UIInterfaceOrientationPortrait UIInterfaceOrientationLandscapeLeft UIInterfaceOrientationLandscapeRight";
				LD_RUNPATH_SEARCH_PATHS = (
					"$(inherited)",
					"@executable_path/Frameworks",
				);
				MARKETING_VERSION = 1.0;
				PRODUCT_BUNDLE_IDENTIFIER = "practice.Please-last-3rd-Homework";
				PRODUCT_NAME = "$(TARGET_NAME)";
				SWIFT_EMIT_LOC_STRINGS = YES;
				SWIFT_VERSION = 5.0;
				TARGETED_DEVICE_FAMILY = "1,2";
			};
			name = Release;
		};
/* End XCBuildConfiguration section */

/* Begin XCConfigurationList section */
		CEA06BAB2BB27F9A0036A95C /* Build configuration list for PBXProject "Please last 3rd-Homework" */ = {
			isa = XCConfigurationList;
			buildConfigurations = (
				CEA06BC22BB27F9E0036A95C /* Debug */,
				CEA06BC32BB27F9E0036A95C /* Release */,
			);
			defaultConfigurationIsVisible = 0;
			defaultConfigurationName = Release;
		};
		CEA06BC42BB27F9E0036A95C /* Build configuration list for PBXNativeTarget "Please last 3rd-Homework" */ = {
			isa = XCConfigurationList;
			buildConfigurations = (
				CEA06BC52BB27F9E0036A95C /* Debug */,
				CEA06BC62BB27F9E0036A95C /* Release */,
			);
			defaultConfigurationIsVisible = 0;
			defaultConfigurationName = Release;
		};
/* End XCConfigurationList section */
	};
	rootObject = CEA06BA82BB27F9A0036A95C /* Project object */;
}
